
Microsoft Visual Studio Solution File, Format Version 12.00
# Visual Studio 15
VisualStudioVersion = 15.0.28307.779
MinimumVisualStudioVersion = 10.0.40219.1
Project("{9A19103F-16F7-4668-BE54-9A1E7A4F7556}") = "Library", "Commons\Library\Library.csproj", "{C1BD209B-CD77-4A25-BFA8-4364CD3D79FB}"
EndProject
Project("{2150E333-8FDC-42A3-9474-1A3956D46DE8}") = "Commons", "Commons", "{FE26A100-80D3-4095-B513-AE3D39A2A216}"
EndProject
Project("{9A19103F-16F7-4668-BE54-9A1E7A4F7556}") = "Enums", "Commons\Enums\Enums.csproj", "{8D5114A6-EFAF-4A7B-8B7F-C259382C8635}"
EndProject
Project("{2150E333-8FDC-42A3-9474-1A3956D46DE8}") = "Infrastructure", "Infrastructure", "{40D3EA91-8579-41B8-A738-DA93A8220EE7}"
EndProject
Project("{2150E333-8FDC-42A3-9474-1A3956D46DE8}") = "EntityFrameworks", "EntityFrameworks", "{B9578150-D172-4B6B-9334-EA60F6C9094B}"
EndProject
Project("{9A19103F-16F7-4668-BE54-9A1E7A4F7556}") = "AppSettings", "Infrastructure\AppSettings\AppSettings.csproj", "{863E5EFF-38F5-4F9E-8CE9-AD29C95176CB}"
EndProject
Project("{2150E333-8FDC-42A3-9474-1A3956D46DE8}") = "Services", "Services", "{BA64BC8E-AA48-43AA-9FB3-F7EC82CC0966}"
EndProject
Project("{2150E333-8FDC-42A3-9474-1A3956D46DE8}") = "Master", "Master", "{95D3391F-B706-4396-8692-644D16BDDDE5}"
EndProject
Project("{9A19103F-16F7-4668-BE54-9A1E7A4F7556}") = "Services.Master.Model", "Services\Master\Services.Master.Model\Services.Master.Model.csproj", "{C8D69566-0583-41D5-8446-45FDCD73DD1D}"
EndProject
Project("{9A19103F-16F7-4668-BE54-9A1E7A4F7556}") = "Services.Master.Service", "Services\Master\Services.Master.Service\Services.Master.Service.csproj", "{7250FDA1-C665-425B-88C2-5F86CE19E2C4}"
EndProject
Project("{2150E333-8FDC-42A3-9474-1A3956D46DE8}") = "Accountant", "Accountant", "{55E922D6-88DB-4448-8D4F-F113806F0B94}"
EndProject
Project("{9A19103F-16F7-4668-BE54-9A1E7A4F7556}") = "Services.Accountant.Model", "Services\Accountant\Services.Accountant.Model\Services.Accountant.Model.csproj", "{84A96F73-F6F8-41CD-8CD5-E985207E3E80}"
EndProject
Project("{9A19103F-16F7-4668-BE54-9A1E7A4F7556}") = "Services.Accountant.Service", "Services\Accountant\Services.Accountant.Service\Services.Accountant.Service.csproj", "{FE4C3293-9B7C-4866-98F8-1CBED7224EF1}"
EndProject
Project("{2150E333-8FDC-42A3-9474-1A3956D46DE8}") = "WebApis", "WebApis", "{C3655DA8-274F-478F-B89A-0354E56B9E9B}"
EndProject
Project("{9A19103F-16F7-4668-BE54-9A1E7A4F7556}") = "VErpApi", "WebApis\VErpApi\VErpApi.csproj", "{4751982B-1A7A-4A74-BB0F-AF55B3BE1DF7}"
EndProject
Project("{9A19103F-16F7-4668-BE54-9A1E7A4F7556}") = "ApiCore", "ApiCore\ApiCore.csproj", "{9203B823-220F-4B36-99F6-FA05943AC209}"
EndProject
Project("{9A19103F-16F7-4668-BE54-9A1E7A4F7556}") = "MasterDB", "Infrastructure\EntityFramework\MasterDB\MasterDB.csproj", "{9E00B649-4208-4B68-A857-D18595547EA6}"
EndProject
Project("{9A19103F-16F7-4668-BE54-9A1E7A4F7556}") = "AccountantDB", "Infrastructure\EntityFramework\AccountantDB\AccountantDB.csproj", "{A41D80FA-252B-4703-9B89-F5A52A056F7F}"
EndProject
Project("{9A19103F-16F7-4668-BE54-9A1E7A4F7556}") = "IdentityDB", "Infrastructure\EntityFramework\IdentityDB\IdentityDB.csproj", "{8753A37C-4795-4DCB-8341-D709D6E8548D}"
EndProject
Project("{2150E333-8FDC-42A3-9474-1A3956D46DE8}") = "ZTools", "ZTools", "{F9CC3F1A-C548-498E-9464-8F45EA648F2A}"
EndProject
Project("{9A19103F-16F7-4668-BE54-9A1E7A4F7556}") = "MigrateAndMappingApi", "ZTools\MigrateAndMappingApi\MigrateAndMappingApi.csproj", "{F51773C4-C627-4280-9ABF-D8F2E046247E}"
EndProject
Project("{9A19103F-16F7-4668-BE54-9A1E7A4F7556}") = "StockDB", "Infrastructure\EntityFramework\StockDB\StockDB.csproj", "{4076CC3C-622C-4894-93F8-062E442C1F26}"
EndProject
Project("{2150E333-8FDC-42A3-9474-1A3956D46DE8}") = "Stock", "Stock", "{951612D6-53E0-404C-976F-A71109B788E1}"
EndProject
Project("{9A19103F-16F7-4668-BE54-9A1E7A4F7556}") = "Services.Stock.Model", "Services\Stock\Services.Stock.Model\Services.Stock.Model.csproj", "{1DD59A3C-725C-4EAC-9662-1BF1AFCD911E}"
EndProject
Project("{9A19103F-16F7-4668-BE54-9A1E7A4F7556}") = "Services.Stock.Service", "Services\Stock\Services.Stock.Service\Services.Stock.Service.csproj", "{BD9FE86D-E7F5-445C-89B1-34CCF66B7155}"
EndProject
Project("{9A19103F-16F7-4668-BE54-9A1E7A4F7556}") = "ServiceCore", "Infrastructure\ServiceCore\ServiceCore.csproj", "{C2C5A051-7412-47A7-8CD4-35E8F6860334}"
EndProject
Project("{9A19103F-16F7-4668-BE54-9A1E7A4F7556}") = "EFExtensions", "Infrastructure\EntityFramework\EFExtensions\EFExtensions.csproj", "{D7103ECD-97A8-45AE-A0C8-AD33C5EF2ACC}"
EndProject
Global
	GlobalSection(SolutionConfigurationPlatforms) = preSolution
		Debug|Any CPU = Debug|Any CPU
		Release|Any CPU = Release|Any CPU
	EndGlobalSection
	GlobalSection(ProjectConfigurationPlatforms) = postSolution
		{C1BD209B-CD77-4A25-BFA8-4364CD3D79FB}.Debug|Any CPU.ActiveCfg = Debug|Any CPU
		{C1BD209B-CD77-4A25-BFA8-4364CD3D79FB}.Debug|Any CPU.Build.0 = Debug|Any CPU
		{C1BD209B-CD77-4A25-BFA8-4364CD3D79FB}.Release|Any CPU.ActiveCfg = Release|Any CPU
		{C1BD209B-CD77-4A25-BFA8-4364CD3D79FB}.Release|Any CPU.Build.0 = Release|Any CPU
		{8D5114A6-EFAF-4A7B-8B7F-C259382C8635}.Debug|Any CPU.ActiveCfg = Debug|Any CPU
		{8D5114A6-EFAF-4A7B-8B7F-C259382C8635}.Debug|Any CPU.Build.0 = Debug|Any CPU
		{8D5114A6-EFAF-4A7B-8B7F-C259382C8635}.Release|Any CPU.ActiveCfg = Release|Any CPU
		{8D5114A6-EFAF-4A7B-8B7F-C259382C8635}.Release|Any CPU.Build.0 = Release|Any CPU
		{863E5EFF-38F5-4F9E-8CE9-AD29C95176CB}.Debug|Any CPU.ActiveCfg = Debug|Any CPU
		{863E5EFF-38F5-4F9E-8CE9-AD29C95176CB}.Debug|Any CPU.Build.0 = Debug|Any CPU
		{863E5EFF-38F5-4F9E-8CE9-AD29C95176CB}.Release|Any CPU.ActiveCfg = Release|Any CPU
		{863E5EFF-38F5-4F9E-8CE9-AD29C95176CB}.Release|Any CPU.Build.0 = Release|Any CPU
		{C8D69566-0583-41D5-8446-45FDCD73DD1D}.Debug|Any CPU.ActiveCfg = Debug|Any CPU
		{C8D69566-0583-41D5-8446-45FDCD73DD1D}.Debug|Any CPU.Build.0 = Debug|Any CPU
		{C8D69566-0583-41D5-8446-45FDCD73DD1D}.Release|Any CPU.ActiveCfg = Release|Any CPU
		{C8D69566-0583-41D5-8446-45FDCD73DD1D}.Release|Any CPU.Build.0 = Release|Any CPU
		{7250FDA1-C665-425B-88C2-5F86CE19E2C4}.Debug|Any CPU.ActiveCfg = Debug|Any CPU
		{7250FDA1-C665-425B-88C2-5F86CE19E2C4}.Debug|Any CPU.Build.0 = Debug|Any CPU
		{7250FDA1-C665-425B-88C2-5F86CE19E2C4}.Release|Any CPU.ActiveCfg = Release|Any CPU
		{7250FDA1-C665-425B-88C2-5F86CE19E2C4}.Release|Any CPU.Build.0 = Release|Any CPU
		{84A96F73-F6F8-41CD-8CD5-E985207E3E80}.Debug|Any CPU.ActiveCfg = Debug|Any CPU
		{84A96F73-F6F8-41CD-8CD5-E985207E3E80}.Debug|Any CPU.Build.0 = Debug|Any CPU
		{84A96F73-F6F8-41CD-8CD5-E985207E3E80}.Release|Any CPU.ActiveCfg = Release|Any CPU
		{84A96F73-F6F8-41CD-8CD5-E985207E3E80}.Release|Any CPU.Build.0 = Release|Any CPU
		{FE4C3293-9B7C-4866-98F8-1CBED7224EF1}.Debug|Any CPU.ActiveCfg = Debug|Any CPU
		{FE4C3293-9B7C-4866-98F8-1CBED7224EF1}.Debug|Any CPU.Build.0 = Debug|Any CPU
		{FE4C3293-9B7C-4866-98F8-1CBED7224EF1}.Release|Any CPU.ActiveCfg = Release|Any CPU
		{FE4C3293-9B7C-4866-98F8-1CBED7224EF1}.Release|Any CPU.Build.0 = Release|Any CPU
		{4751982B-1A7A-4A74-BB0F-AF55B3BE1DF7}.Debug|Any CPU.ActiveCfg = Debug|Any CPU
		{4751982B-1A7A-4A74-BB0F-AF55B3BE1DF7}.Debug|Any CPU.Build.0 = Debug|Any CPU
		{4751982B-1A7A-4A74-BB0F-AF55B3BE1DF7}.Release|Any CPU.ActiveCfg = Release|Any CPU
		{4751982B-1A7A-4A74-BB0F-AF55B3BE1DF7}.Release|Any CPU.Build.0 = Release|Any CPU
		{9203B823-220F-4B36-99F6-FA05943AC209}.Debug|Any CPU.ActiveCfg = Debug|Any CPU
		{9203B823-220F-4B36-99F6-FA05943AC209}.Debug|Any CPU.Build.0 = Debug|Any CPU
		{9203B823-220F-4B36-99F6-FA05943AC209}.Release|Any CPU.ActiveCfg = Release|Any CPU
		{9203B823-220F-4B36-99F6-FA05943AC209}.Release|Any CPU.Build.0 = Release|Any CPU
		{9E00B649-4208-4B68-A857-D18595547EA6}.Debug|Any CPU.ActiveCfg = Debug|Any CPU
		{9E00B649-4208-4B68-A857-D18595547EA6}.Debug|Any CPU.Build.0 = Debug|Any CPU
		{9E00B649-4208-4B68-A857-D18595547EA6}.Release|Any CPU.ActiveCfg = Release|Any CPU
		{9E00B649-4208-4B68-A857-D18595547EA6}.Release|Any CPU.Build.0 = Release|Any CPU
		{A41D80FA-252B-4703-9B89-F5A52A056F7F}.Debug|Any CPU.ActiveCfg = Debug|Any CPU
		{A41D80FA-252B-4703-9B89-F5A52A056F7F}.Debug|Any CPU.Build.0 = Debug|Any CPU
		{A41D80FA-252B-4703-9B89-F5A52A056F7F}.Release|Any CPU.ActiveCfg = Release|Any CPU
		{A41D80FA-252B-4703-9B89-F5A52A056F7F}.Release|Any CPU.Build.0 = Release|Any CPU
		{8753A37C-4795-4DCB-8341-D709D6E8548D}.Debug|Any CPU.ActiveCfg = Debug|Any CPU
		{8753A37C-4795-4DCB-8341-D709D6E8548D}.Debug|Any CPU.Build.0 = Debug|Any CPU
		{8753A37C-4795-4DCB-8341-D709D6E8548D}.Release|Any CPU.ActiveCfg = Release|Any CPU
		{8753A37C-4795-4DCB-8341-D709D6E8548D}.Release|Any CPU.Build.0 = Release|Any CPU
		{F51773C4-C627-4280-9ABF-D8F2E046247E}.Debug|Any CPU.ActiveCfg = Debug|Any CPU
		{F51773C4-C627-4280-9ABF-D8F2E046247E}.Debug|Any CPU.Build.0 = Debug|Any CPU
		{F51773C4-C627-4280-9ABF-D8F2E046247E}.Release|Any CPU.ActiveCfg = Release|Any CPU
		{F51773C4-C627-4280-9ABF-D8F2E046247E}.Release|Any CPU.Build.0 = Release|Any CPU
		{4076CC3C-622C-4894-93F8-062E442C1F26}.Debug|Any CPU.ActiveCfg = Debug|Any CPU
		{4076CC3C-622C-4894-93F8-062E442C1F26}.Debug|Any CPU.Build.0 = Debug|Any CPU
		{4076CC3C-622C-4894-93F8-062E442C1F26}.Release|Any CPU.ActiveCfg = Release|Any CPU
		{4076CC3C-622C-4894-93F8-062E442C1F26}.Release|Any CPU.Build.0 = Release|Any CPU
		{1DD59A3C-725C-4EAC-9662-1BF1AFCD911E}.Debug|Any CPU.ActiveCfg = Debug|Any CPU
		{1DD59A3C-725C-4EAC-9662-1BF1AFCD911E}.Debug|Any CPU.Build.0 = Debug|Any CPU
		{1DD59A3C-725C-4EAC-9662-1BF1AFCD911E}.Release|Any CPU.ActiveCfg = Release|Any CPU
		{1DD59A3C-725C-4EAC-9662-1BF1AFCD911E}.Release|Any CPU.Build.0 = Release|Any CPU
		{BD9FE86D-E7F5-445C-89B1-34CCF66B7155}.Debug|Any CPU.ActiveCfg = Debug|Any CPU
		{BD9FE86D-E7F5-445C-89B1-34CCF66B7155}.Debug|Any CPU.Build.0 = Debug|Any CPU
		{BD9FE86D-E7F5-445C-89B1-34CCF66B7155}.Release|Any CPU.ActiveCfg = Release|Any CPU
		{BD9FE86D-E7F5-445C-89B1-34CCF66B7155}.Release|Any CPU.Build.0 = Release|Any CPU
		{C2C5A051-7412-47A7-8CD4-35E8F6860334}.Debug|Any CPU.ActiveCfg = Debug|Any CPU
		{C2C5A051-7412-47A7-8CD4-35E8F6860334}.Debug|Any CPU.Build.0 = Debug|Any CPU
		{C2C5A051-7412-47A7-8CD4-35E8F6860334}.Release|Any CPU.ActiveCfg = Release|Any CPU
		{C2C5A051-7412-47A7-8CD4-35E8F6860334}.Release|Any CPU.Build.0 = Release|Any CPU
		{D7103ECD-97A8-45AE-A0C8-AD33C5EF2ACC}.Debug|Any CPU.ActiveCfg = Debug|Any CPU
		{D7103ECD-97A8-45AE-A0C8-AD33C5EF2ACC}.Debug|Any CPU.Build.0 = Debug|Any CPU
		{D7103ECD-97A8-45AE-A0C8-AD33C5EF2ACC}.Release|Any CPU.ActiveCfg = Release|Any CPU
		{D7103ECD-97A8-45AE-A0C8-AD33C5EF2ACC}.Release|Any CPU.Build.0 = Release|Any CPU
	EndGlobalSection
	GlobalSection(SolutionProperties) = preSolution
		HideSolutionNode = FALSE
	EndGlobalSection
	GlobalSection(NestedProjects) = preSolution
		{C1BD209B-CD77-4A25-BFA8-4364CD3D79FB} = {FE26A100-80D3-4095-B513-AE3D39A2A216}
		{8D5114A6-EFAF-4A7B-8B7F-C259382C8635} = {FE26A100-80D3-4095-B513-AE3D39A2A216}
		{B9578150-D172-4B6B-9334-EA60F6C9094B} = {40D3EA91-8579-41B8-A738-DA93A8220EE7}
		{863E5EFF-38F5-4F9E-8CE9-AD29C95176CB} = {40D3EA91-8579-41B8-A738-DA93A8220EE7}
		{95D3391F-B706-4396-8692-644D16BDDDE5} = {BA64BC8E-AA48-43AA-9FB3-F7EC82CC0966}
		{C8D69566-0583-41D5-8446-45FDCD73DD1D} = {95D3391F-B706-4396-8692-644D16BDDDE5}
		{7250FDA1-C665-425B-88C2-5F86CE19E2C4} = {95D3391F-B706-4396-8692-644D16BDDDE5}
		{55E922D6-88DB-4448-8D4F-F113806F0B94} = {BA64BC8E-AA48-43AA-9FB3-F7EC82CC0966}
		{84A96F73-F6F8-41CD-8CD5-E985207E3E80} = {55E922D6-88DB-4448-8D4F-F113806F0B94}
		{FE4C3293-9B7C-4866-98F8-1CBED7224EF1} = {55E922D6-88DB-4448-8D4F-F113806F0B94}
		{4751982B-1A7A-4A74-BB0F-AF55B3BE1DF7} = {C3655DA8-274F-478F-B89A-0354E56B9E9B}
		{9203B823-220F-4B36-99F6-FA05943AC209} = {40D3EA91-8579-41B8-A738-DA93A8220EE7}
		{9E00B649-4208-4B68-A857-D18595547EA6} = {B9578150-D172-4B6B-9334-EA60F6C9094B}
		{A41D80FA-252B-4703-9B89-F5A52A056F7F} = {B9578150-D172-4B6B-9334-EA60F6C9094B}
		{8753A37C-4795-4DCB-8341-D709D6E8548D} = {B9578150-D172-4B6B-9334-EA60F6C9094B}
		{F51773C4-C627-4280-9ABF-D8F2E046247E} = {F9CC3F1A-C548-498E-9464-8F45EA648F2A}
		{4076CC3C-622C-4894-93F8-062E442C1F26} = {B9578150-D172-4B6B-9334-EA60F6C9094B}
		{951612D6-53E0-404C-976F-A71109B788E1} = {BA64BC8E-AA48-43AA-9FB3-F7EC82CC0966}
		{1DD59A3C-725C-4EAC-9662-1BF1AFCD911E} = {951612D6-53E0-404C-976F-A71109B788E1}
		{BD9FE86D-E7F5-445C-89B1-34CCF66B7155} = {951612D6-53E0-404C-976F-A71109B788E1}
		{C2C5A051-7412-47A7-8CD4-35E8F6860334} = {40D3EA91-8579-41B8-A738-DA93A8220EE7}
		{D7103ECD-97A8-45AE-A0C8-AD33C5EF2ACC} = {B9578150-D172-4B6B-9334-EA60F6C9094B}
	EndGlobalSection
	GlobalSection(ExtensibilityGlobals) = postSolution
		SolutionGuid = {A3B36496-6632-40EE-B3B3-CACA47D5B3EF}
	EndGlobalSection
EndGlobal
