
Microsoft Visual Studio Solution File, Format Version 12.00
# Visual Studio Version 16
VisualStudioVersion = 16.0.29613.14
MinimumVisualStudioVersion = 10.0.40219.1
Project("{9A19103F-16F7-4668-BE54-9A1E7A4F7556}") = "Library", "Commons\Library\Library.csproj", "{C1BD209B-CD77-4A25-BFA8-4364CD3D79FB}"
EndProject
Project("{2150E333-8FDC-42A3-9474-1A3956D46DE8}") = "Commons", "Commons", "{FE26A100-80D3-4095-B513-AE3D39A2A216}"
EndProject
Project("{9A19103F-16F7-4668-BE54-9A1E7A4F7556}") = "Enums", "Commons\Enums\Enums.csproj", "{8D5114A6-EFAF-4A7B-8B7F-C259382C8635}"
EndProject
Project("{2150E333-8FDC-42A3-9474-1A3956D46DE8}") = "Infrastructure", "Infrastructure", "{40D3EA91-8579-41B8-A738-DA93A8220EE7}"
EndProject
Project("{2150E333-8FDC-42A3-9474-1A3956D46DE8}") = "EntityFrameworks", "EntityFrameworks", "{B9578150-D172-4B6B-9334-EA60F6C9094B}"
EndProject
Project("{9A19103F-16F7-4668-BE54-9A1E7A4F7556}") = "AppSettings", "Infrastructure\AppSettings\AppSettings.csproj", "{863E5EFF-38F5-4F9E-8CE9-AD29C95176CB}"
EndProject
Project("{2150E333-8FDC-42A3-9474-1A3956D46DE8}") = "Services", "Services", "{BA64BC8E-AA48-43AA-9FB3-F7EC82CC0966}"
EndProject
Project("{2150E333-8FDC-42A3-9474-1A3956D46DE8}") = "Master", "Master", "{95D3391F-B706-4396-8692-644D16BDDDE5}"
EndProject
Project("{9A19103F-16F7-4668-BE54-9A1E7A4F7556}") = "Services.Master.Model", "Services\Master\Services.Master.Model\Services.Master.Model.csproj", "{C8D69566-0583-41D5-8446-45FDCD73DD1D}"
EndProject
Project("{9A19103F-16F7-4668-BE54-9A1E7A4F7556}") = "Services.Master.Service", "Services\Master\Services.Master.Service\Services.Master.Service.csproj", "{7250FDA1-C665-425B-88C2-5F86CE19E2C4}"
EndProject
Project("{2150E333-8FDC-42A3-9474-1A3956D46DE8}") = "Accountant", "Accountant", "{55E922D6-88DB-4448-8D4F-F113806F0B94}"
EndProject
Project("{9A19103F-16F7-4668-BE54-9A1E7A4F7556}") = "Services.Accountant.Model", "Services\Accountant\Services.Accountant.Model\Services.Accountant.Model.csproj", "{84A96F73-F6F8-41CD-8CD5-E985207E3E80}"
EndProject
Project("{9A19103F-16F7-4668-BE54-9A1E7A4F7556}") = "Services.Accountant.Service", "Services\Accountant\Services.Accountant.Service\Services.Accountant.Service.csproj", "{FE4C3293-9B7C-4866-98F8-1CBED7224EF1}"
EndProject
Project("{2150E333-8FDC-42A3-9474-1A3956D46DE8}") = "WebApis", "WebApis", "{C3655DA8-274F-478F-B89A-0354E56B9E9B}"
EndProject
Project("{9A19103F-16F7-4668-BE54-9A1E7A4F7556}") = "VErpApi", "WebApis\VErpApi\VErpApi.csproj", "{4751982B-1A7A-4A74-BB0F-AF55B3BE1DF7}"
EndProject
Project("{9A19103F-16F7-4668-BE54-9A1E7A4F7556}") = "ApiCore", "ApiCore\ApiCore.csproj", "{9203B823-220F-4B36-99F6-FA05943AC209}"
EndProject
Project("{9A19103F-16F7-4668-BE54-9A1E7A4F7556}") = "MasterDB", "Infrastructure\EntityFramework\MasterDB\MasterDB.csproj", "{9E00B649-4208-4B68-A857-D18595547EA6}"
EndProject
Project("{2150E333-8FDC-42A3-9474-1A3956D46DE8}") = "ZTools", "ZTools", "{F9CC3F1A-C548-498E-9464-8F45EA648F2A}"
EndProject
Project("{9A19103F-16F7-4668-BE54-9A1E7A4F7556}") = "MigrateAndMappingApi", "ZTools\MigrateAndMappingApi\MigrateAndMappingApi.csproj", "{F51773C4-C627-4280-9ABF-D8F2E046247E}"
EndProject
Project("{9A19103F-16F7-4668-BE54-9A1E7A4F7556}") = "StockDB", "Infrastructure\EntityFramework\StockDB\StockDB.csproj", "{4076CC3C-622C-4894-93F8-062E442C1F26}"
EndProject
Project("{2150E333-8FDC-42A3-9474-1A3956D46DE8}") = "Stock", "Stock", "{951612D6-53E0-404C-976F-A71109B788E1}"
EndProject
Project("{9A19103F-16F7-4668-BE54-9A1E7A4F7556}") = "Services.Stock.Model", "Services\Stock\Services.Stock.Model\Services.Stock.Model.csproj", "{1DD59A3C-725C-4EAC-9662-1BF1AFCD911E}"
EndProject
Project("{9A19103F-16F7-4668-BE54-9A1E7A4F7556}") = "Services.Stock.Service", "Services\Stock\Services.Stock.Service\Services.Stock.Service.csproj", "{BD9FE86D-E7F5-445C-89B1-34CCF66B7155}"
EndProject
Project("{9A19103F-16F7-4668-BE54-9A1E7A4F7556}") = "ServiceCore", "Infrastructure\ServiceCore\ServiceCore.csproj", "{C2C5A051-7412-47A7-8CD4-35E8F6860334}"
EndProject
Project("{9A19103F-16F7-4668-BE54-9A1E7A4F7556}") = "EFExtensions", "Infrastructure\EntityFramework\EFExtensions\EFExtensions.csproj", "{D7103ECD-97A8-45AE-A0C8-AD33C5EF2ACC}"
EndProject
Project("{9A19103F-16F7-4668-BE54-9A1E7A4F7556}") = "SynTool", "ZTools\SynTool\SynTool.csproj", "{B43FFE1D-818F-40F1-B922-F672AA5162AE}"
EndProject
Project("{9A19103F-16F7-4668-BE54-9A1E7A4F7556}") = "PurchaseOrderDB", "Infrastructure\EntityFramework\PurchaseOrderDB\PurchaseOrderDB.csproj", "{0E4F9350-3751-48B6-A044-7FB12DB2ABA1}"
EndProject
Project("{9A19103F-16F7-4668-BE54-9A1E7A4F7556}") = "Constants", "Commons\Constants\Constants.csproj", "{A22045F0-5777-44F7-84A5-26051F6B582A}"
EndProject
Project("{9A19103F-16F7-4668-BE54-9A1E7A4F7556}") = "GlobalObject", "Commons\GlobalObject\GlobalObject.csproj", "{1A025E5D-6748-4801-8029-9939998BF92A}"
EndProject
Project("{2150E333-8FDC-42A3-9474-1A3956D46DE8}") = "UnitTests", "UnitTests", "{3010314C-A4C1-43BB-B80E-4013A130443D}"
EndProject
Project("{9A19103F-16F7-4668-BE54-9A1E7A4F7556}") = "MasterTests", "UnitTests\MasterTests\MasterTests.csproj", "{A67AA3B8-C459-49B9-A1AF-4287C2E13902}"
EndProject
Project("{2150E333-8FDC-42A3-9474-1A3956D46DE8}") = "PurchaseOrder", "PurchaseOrder", "{DB617FAF-DF36-44E5-8348-7D9F57E5D72F}"
EndProject
Project("{9A19103F-16F7-4668-BE54-9A1E7A4F7556}") = "Services.PurchaseOrder.Model", "Services.PurchaseOrder.Model\Services.PurchaseOrder.Model.csproj", "{96A20CC9-62F6-45A2-B9F0-6875EEBE6B9D}"
EndProject
Project("{9A19103F-16F7-4668-BE54-9A1E7A4F7556}") = "Services.PurchaseOrder.Service", "Services.PurchaseOrder.Service\Services.PurchaseOrder.Service.csproj", "{0E5C17BF-F126-4CB8-B278-F279325CD5D5}"
EndProject
Project("{2150E333-8FDC-42A3-9474-1A3956D46DE8}") = "Cache", "Cache", "{6E047406-F8AF-40AD-804C-7B6EA4103D70}"
EndProject
Project("{9A19103F-16F7-4668-BE54-9A1E7A4F7556}") = "RedisCache", "Infrastructure\Cache\RedisCache\RedisCache.csproj", "{94CFABDD-4EFB-4848-ABD3-18A94C0BF130}"
EndProject
Project("{9A19103F-16F7-4668-BE54-9A1E7A4F7556}") = "MemCache", "Infrastructure\Cache\MemCache\MemCache.csproj", "{59BB575A-0F8C-43F1-A954-D0A3FC4B12C3}"
EndProject
Project("{2150E333-8FDC-42A3-9474-1A3956D46DE8}") = "Extensions", "Extensions", "{A1FD17BB-49D0-4EEF-88A4-DFCC9D3FB5A1}"
EndProject
Project("{9A19103F-16F7-4668-BE54-9A1E7A4F7556}") = "AccountingDB", "Infrastructure\EntityFramework\AccountingDB\AccountingDB.csproj", "{0BD5131A-64B3-45A9-86C3-3753289ACA9F}"
EndProject
Project("{9A19103F-16F7-4668-BE54-9A1E7A4F7556}") = "OrganizationDB", "Infrastructure\EntityFramework\OrganizationDB\OrganizationDB.csproj", "{449FBFC2-6129-4233-BC16-D1DE7F28ECF7}"
EndProject
Project("{9A19103F-16F7-4668-BE54-9A1E7A4F7556}") = "ActivityLogDB", "Infrastructure\EntityFramework\ActivityLogDB\ActivityLogDB.csproj", "{6635D24B-20DC-49DD-A4B5-7678EA5B8953}"
EndProject
Project("{9A19103F-16F7-4668-BE54-9A1E7A4F7556}") = "ManufacturingDB", "Infrastructure\EntityFramework\ManufacturingDB\ManufacturingDB.csproj", "{69B5656E-D4E2-4023-9FA2-1D6EF3068174}"
EndProject
Project("{9A19103F-16F7-4668-BE54-9A1E7A4F7556}") = "EF.Generator", "Infrastructure\EntityFramework\EF.Generator\EF.Generator.csproj", "{42A05AFA-D540-43C4-B0C4-C2467C25AD9C}"
EndProject
Project("{2150E333-8FDC-42A3-9474-1A3956D46DE8}") = "Organization", "Organization", "{8D214DB9-D1A1-423B-BC69-8B9E41CE554B}"
EndProject
Project("{9A19103F-16F7-4668-BE54-9A1E7A4F7556}") = "Services.Organization.Model", "Services\Organization\Services.Organization.Model\Services.Organization.Model.csproj", "{4345BD3F-5CE1-4FBE-B1C8-BE7D9A0AFF07}"
EndProject
Project("{9A19103F-16F7-4668-BE54-9A1E7A4F7556}") = "Services.Organization.Service", "Services\Organization\Services.Organization.Service\Services.Organization.Service.csproj", "{ECC04E8F-555F-4A78-9A3E-A1CBC4AC952A}"
EndProject
Project("{9A19103F-16F7-4668-BE54-9A1E7A4F7556}") = "ReportConfigDB", "Infrastructure\EntityFramework\ReportConfigDB\ReportConfigDB.csproj", "{3733702D-05D8-474F-A100-E374F59A45A5}"
EndProject
Project("{2150E333-8FDC-42A3-9474-1A3956D46DE8}") = "ReportConfig", "ReportConfig", "{C57091E1-BA1E-454E-934E-FAB04FCD2DCF}"
EndProject
Project("{9A19103F-16F7-4668-BE54-9A1E7A4F7556}") = "Services.ReportConfig.Service", "Services\ReportConfig\Services.ReportConfig.Service\Services.ReportConfig.Service.csproj", "{50E37520-6CD3-4401-9502-ACDAB5C45EEE}"
EndProject
Project("{9A19103F-16F7-4668-BE54-9A1E7A4F7556}") = "Services.ReportConfig.Model", "Services\ReportConfig\Services.ReportConfig.Model\Services.ReportConfig.Model.csproj", "{E827D323-0867-4615-A4D7-1E238BD18A62}"
EndProject
Project("{9A19103F-16F7-4668-BE54-9A1E7A4F7556}") = "AccountancyDB", "Infrastructure\EntityFramework\AccountancyDB\AccountancyDB.csproj", "{BD489E03-7770-4075-902B-B6D63E6BF59B}"
EndProject
Project("{2150E333-8FDC-42A3-9474-1A3956D46DE8}") = "Accountancy", "Accountancy", "{C7D4F911-5D2D-4E14-9B80-6F9902D45FD6}"
EndProject
Project("{9A19103F-16F7-4668-BE54-9A1E7A4F7556}") = "Services.Accountancy.Model", "Services\Accountancy\Services.Accountancy.Model\Services.Accountancy.Model.csproj", "{CCAEBC3F-6A75-4A7D-AEDE-149525468A38}"
EndProject
Project("{9A19103F-16F7-4668-BE54-9A1E7A4F7556}") = "Services.Accountancy.Service", "Services\Accountancy\Services.Accountancy.Service\Services.Accountancy.Service.csproj", "{7D9F3458-B439-4509-9344-4D2F59FA5C5D}"
EndProject
Project("{9A19103F-16F7-4668-BE54-9A1E7A4F7556}") = "ConfigApi", "WebApis\ConfigApi\ConfigApi.csproj", "{532856B4-DF9C-4FA7-ABA7-FB3324CC2F8B}"
EndProject
Project("{2150E333-8FDC-42A3-9474-1A3956D46DE8}") = "Solution Items", "Solution Items", "{D5E3E62E-CDF1-4E3C-8879-2ED104FEE4A9}"
	ProjectSection(SolutionItems) = preProject
		.editorconfig = .editorconfig
	EndProjectSection
EndProject
Project("{2150E333-8FDC-42A3-9474-1A3956D46DE8}") = "MigrateData", "MigrateData", "{9CEE3E3D-30B4-46A6-ACBC-9C2143047A29}"
EndProject
Project("{FAE04EC0-301F-11D3-BF4B-00C04F79EFBC}") = "MigrateProductInternalName", "ZTools\MigrateData\MigrateProductInternalName\MigrateProductInternalName.csproj", "{7C824428-102E-4880-B068-9D99B62A507D}"
EndProject
Global
	GlobalSection(SolutionConfigurationPlatforms) = preSolution
		Debug|Any CPU = Debug|Any CPU
		Release|Any CPU = Release|Any CPU
	EndGlobalSection
	GlobalSection(ProjectConfigurationPlatforms) = postSolution
		{C1BD209B-CD77-4A25-BFA8-4364CD3D79FB}.Debug|Any CPU.ActiveCfg = Debug|Any CPU
		{C1BD209B-CD77-4A25-BFA8-4364CD3D79FB}.Debug|Any CPU.Build.0 = Debug|Any CPU
		{C1BD209B-CD77-4A25-BFA8-4364CD3D79FB}.Release|Any CPU.ActiveCfg = Release|Any CPU
		{C1BD209B-CD77-4A25-BFA8-4364CD3D79FB}.Release|Any CPU.Build.0 = Release|Any CPU
		{8D5114A6-EFAF-4A7B-8B7F-C259382C8635}.Debug|Any CPU.ActiveCfg = Debug|Any CPU
		{8D5114A6-EFAF-4A7B-8B7F-C259382C8635}.Debug|Any CPU.Build.0 = Debug|Any CPU
		{8D5114A6-EFAF-4A7B-8B7F-C259382C8635}.Release|Any CPU.ActiveCfg = Release|Any CPU
		{8D5114A6-EFAF-4A7B-8B7F-C259382C8635}.Release|Any CPU.Build.0 = Release|Any CPU
		{863E5EFF-38F5-4F9E-8CE9-AD29C95176CB}.Debug|Any CPU.ActiveCfg = Debug|Any CPU
		{863E5EFF-38F5-4F9E-8CE9-AD29C95176CB}.Debug|Any CPU.Build.0 = Debug|Any CPU
		{863E5EFF-38F5-4F9E-8CE9-AD29C95176CB}.Release|Any CPU.ActiveCfg = Release|Any CPU
		{863E5EFF-38F5-4F9E-8CE9-AD29C95176CB}.Release|Any CPU.Build.0 = Release|Any CPU
		{C8D69566-0583-41D5-8446-45FDCD73DD1D}.Debug|Any CPU.ActiveCfg = Debug|Any CPU
		{C8D69566-0583-41D5-8446-45FDCD73DD1D}.Debug|Any CPU.Build.0 = Debug|Any CPU
		{C8D69566-0583-41D5-8446-45FDCD73DD1D}.Release|Any CPU.ActiveCfg = Release|Any CPU
		{C8D69566-0583-41D5-8446-45FDCD73DD1D}.Release|Any CPU.Build.0 = Release|Any CPU
		{7250FDA1-C665-425B-88C2-5F86CE19E2C4}.Debug|Any CPU.ActiveCfg = Debug|Any CPU
		{7250FDA1-C665-425B-88C2-5F86CE19E2C4}.Debug|Any CPU.Build.0 = Debug|Any CPU
		{7250FDA1-C665-425B-88C2-5F86CE19E2C4}.Release|Any CPU.ActiveCfg = Release|Any CPU
		{7250FDA1-C665-425B-88C2-5F86CE19E2C4}.Release|Any CPU.Build.0 = Release|Any CPU
		{84A96F73-F6F8-41CD-8CD5-E985207E3E80}.Debug|Any CPU.ActiveCfg = Debug|Any CPU
		{84A96F73-F6F8-41CD-8CD5-E985207E3E80}.Debug|Any CPU.Build.0 = Debug|Any CPU
		{84A96F73-F6F8-41CD-8CD5-E985207E3E80}.Release|Any CPU.ActiveCfg = Release|Any CPU
		{84A96F73-F6F8-41CD-8CD5-E985207E3E80}.Release|Any CPU.Build.0 = Release|Any CPU
		{FE4C3293-9B7C-4866-98F8-1CBED7224EF1}.Debug|Any CPU.ActiveCfg = Debug|Any CPU
		{FE4C3293-9B7C-4866-98F8-1CBED7224EF1}.Debug|Any CPU.Build.0 = Debug|Any CPU
		{FE4C3293-9B7C-4866-98F8-1CBED7224EF1}.Release|Any CPU.ActiveCfg = Release|Any CPU
		{FE4C3293-9B7C-4866-98F8-1CBED7224EF1}.Release|Any CPU.Build.0 = Release|Any CPU
		{4751982B-1A7A-4A74-BB0F-AF55B3BE1DF7}.Debug|Any CPU.ActiveCfg = Debug|Any CPU
		{4751982B-1A7A-4A74-BB0F-AF55B3BE1DF7}.Debug|Any CPU.Build.0 = Debug|Any CPU
		{4751982B-1A7A-4A74-BB0F-AF55B3BE1DF7}.Release|Any CPU.ActiveCfg = Release|Any CPU
		{4751982B-1A7A-4A74-BB0F-AF55B3BE1DF7}.Release|Any CPU.Build.0 = Release|Any CPU
		{9203B823-220F-4B36-99F6-FA05943AC209}.Debug|Any CPU.ActiveCfg = Debug|Any CPU
		{9203B823-220F-4B36-99F6-FA05943AC209}.Debug|Any CPU.Build.0 = Debug|Any CPU
		{9203B823-220F-4B36-99F6-FA05943AC209}.Release|Any CPU.ActiveCfg = Release|Any CPU
		{9203B823-220F-4B36-99F6-FA05943AC209}.Release|Any CPU.Build.0 = Release|Any CPU
		{9E00B649-4208-4B68-A857-D18595547EA6}.Debug|Any CPU.ActiveCfg = Debug|Any CPU
		{9E00B649-4208-4B68-A857-D18595547EA6}.Debug|Any CPU.Build.0 = Debug|Any CPU
		{9E00B649-4208-4B68-A857-D18595547EA6}.Release|Any CPU.ActiveCfg = Release|Any CPU
		{9E00B649-4208-4B68-A857-D18595547EA6}.Release|Any CPU.Build.0 = Release|Any CPU
		{F51773C4-C627-4280-9ABF-D8F2E046247E}.Debug|Any CPU.ActiveCfg = Debug|Any CPU
		{F51773C4-C627-4280-9ABF-D8F2E046247E}.Debug|Any CPU.Build.0 = Debug|Any CPU
		{F51773C4-C627-4280-9ABF-D8F2E046247E}.Release|Any CPU.ActiveCfg = Release|Any CPU
		{F51773C4-C627-4280-9ABF-D8F2E046247E}.Release|Any CPU.Build.0 = Release|Any CPU
		{4076CC3C-622C-4894-93F8-062E442C1F26}.Debug|Any CPU.ActiveCfg = Debug|Any CPU
		{4076CC3C-622C-4894-93F8-062E442C1F26}.Debug|Any CPU.Build.0 = Debug|Any CPU
		{4076CC3C-622C-4894-93F8-062E442C1F26}.Release|Any CPU.ActiveCfg = Release|Any CPU
		{4076CC3C-622C-4894-93F8-062E442C1F26}.Release|Any CPU.Build.0 = Release|Any CPU
		{1DD59A3C-725C-4EAC-9662-1BF1AFCD911E}.Debug|Any CPU.ActiveCfg = Debug|Any CPU
		{1DD59A3C-725C-4EAC-9662-1BF1AFCD911E}.Debug|Any CPU.Build.0 = Debug|Any CPU
		{1DD59A3C-725C-4EAC-9662-1BF1AFCD911E}.Release|Any CPU.ActiveCfg = Release|Any CPU
		{1DD59A3C-725C-4EAC-9662-1BF1AFCD911E}.Release|Any CPU.Build.0 = Release|Any CPU
		{BD9FE86D-E7F5-445C-89B1-34CCF66B7155}.Debug|Any CPU.ActiveCfg = Debug|Any CPU
		{BD9FE86D-E7F5-445C-89B1-34CCF66B7155}.Debug|Any CPU.Build.0 = Debug|Any CPU
		{BD9FE86D-E7F5-445C-89B1-34CCF66B7155}.Release|Any CPU.ActiveCfg = Release|Any CPU
		{BD9FE86D-E7F5-445C-89B1-34CCF66B7155}.Release|Any CPU.Build.0 = Release|Any CPU
		{C2C5A051-7412-47A7-8CD4-35E8F6860334}.Debug|Any CPU.ActiveCfg = Debug|Any CPU
		{C2C5A051-7412-47A7-8CD4-35E8F6860334}.Debug|Any CPU.Build.0 = Debug|Any CPU
		{C2C5A051-7412-47A7-8CD4-35E8F6860334}.Release|Any CPU.ActiveCfg = Release|Any CPU
		{C2C5A051-7412-47A7-8CD4-35E8F6860334}.Release|Any CPU.Build.0 = Release|Any CPU
		{D7103ECD-97A8-45AE-A0C8-AD33C5EF2ACC}.Debug|Any CPU.ActiveCfg = Debug|Any CPU
		{D7103ECD-97A8-45AE-A0C8-AD33C5EF2ACC}.Debug|Any CPU.Build.0 = Debug|Any CPU
		{D7103ECD-97A8-45AE-A0C8-AD33C5EF2ACC}.Release|Any CPU.ActiveCfg = Release|Any CPU
		{D7103ECD-97A8-45AE-A0C8-AD33C5EF2ACC}.Release|Any CPU.Build.0 = Release|Any CPU
		{B43FFE1D-818F-40F1-B922-F672AA5162AE}.Debug|Any CPU.ActiveCfg = Debug|Any CPU
		{B43FFE1D-818F-40F1-B922-F672AA5162AE}.Debug|Any CPU.Build.0 = Debug|Any CPU
		{B43FFE1D-818F-40F1-B922-F672AA5162AE}.Release|Any CPU.ActiveCfg = Release|Any CPU
		{B43FFE1D-818F-40F1-B922-F672AA5162AE}.Release|Any CPU.Build.0 = Release|Any CPU
		{0E4F9350-3751-48B6-A044-7FB12DB2ABA1}.Debug|Any CPU.ActiveCfg = Debug|Any CPU
		{0E4F9350-3751-48B6-A044-7FB12DB2ABA1}.Debug|Any CPU.Build.0 = Debug|Any CPU
		{0E4F9350-3751-48B6-A044-7FB12DB2ABA1}.Release|Any CPU.ActiveCfg = Release|Any CPU
		{0E4F9350-3751-48B6-A044-7FB12DB2ABA1}.Release|Any CPU.Build.0 = Release|Any CPU
		{A22045F0-5777-44F7-84A5-26051F6B582A}.Debug|Any CPU.ActiveCfg = Debug|Any CPU
		{A22045F0-5777-44F7-84A5-26051F6B582A}.Debug|Any CPU.Build.0 = Debug|Any CPU
		{A22045F0-5777-44F7-84A5-26051F6B582A}.Release|Any CPU.ActiveCfg = Release|Any CPU
		{A22045F0-5777-44F7-84A5-26051F6B582A}.Release|Any CPU.Build.0 = Release|Any CPU
		{1A025E5D-6748-4801-8029-9939998BF92A}.Debug|Any CPU.ActiveCfg = Debug|Any CPU
		{1A025E5D-6748-4801-8029-9939998BF92A}.Debug|Any CPU.Build.0 = Debug|Any CPU
		{1A025E5D-6748-4801-8029-9939998BF92A}.Release|Any CPU.ActiveCfg = Release|Any CPU
		{1A025E5D-6748-4801-8029-9939998BF92A}.Release|Any CPU.Build.0 = Release|Any CPU
		{A67AA3B8-C459-49B9-A1AF-4287C2E13902}.Debug|Any CPU.ActiveCfg = Debug|Any CPU
		{A67AA3B8-C459-49B9-A1AF-4287C2E13902}.Debug|Any CPU.Build.0 = Debug|Any CPU
		{A67AA3B8-C459-49B9-A1AF-4287C2E13902}.Release|Any CPU.ActiveCfg = Release|Any CPU
		{A67AA3B8-C459-49B9-A1AF-4287C2E13902}.Release|Any CPU.Build.0 = Release|Any CPU
		{96A20CC9-62F6-45A2-B9F0-6875EEBE6B9D}.Debug|Any CPU.ActiveCfg = Debug|Any CPU
		{96A20CC9-62F6-45A2-B9F0-6875EEBE6B9D}.Debug|Any CPU.Build.0 = Debug|Any CPU
		{96A20CC9-62F6-45A2-B9F0-6875EEBE6B9D}.Release|Any CPU.ActiveCfg = Release|Any CPU
		{96A20CC9-62F6-45A2-B9F0-6875EEBE6B9D}.Release|Any CPU.Build.0 = Release|Any CPU
		{0E5C17BF-F126-4CB8-B278-F279325CD5D5}.Debug|Any CPU.ActiveCfg = Debug|Any CPU
		{0E5C17BF-F126-4CB8-B278-F279325CD5D5}.Debug|Any CPU.Build.0 = Debug|Any CPU
		{0E5C17BF-F126-4CB8-B278-F279325CD5D5}.Release|Any CPU.ActiveCfg = Release|Any CPU
		{0E5C17BF-F126-4CB8-B278-F279325CD5D5}.Release|Any CPU.Build.0 = Release|Any CPU
		{94CFABDD-4EFB-4848-ABD3-18A94C0BF130}.Debug|Any CPU.ActiveCfg = Debug|Any CPU
		{94CFABDD-4EFB-4848-ABD3-18A94C0BF130}.Debug|Any CPU.Build.0 = Debug|Any CPU
		{94CFABDD-4EFB-4848-ABD3-18A94C0BF130}.Release|Any CPU.ActiveCfg = Release|Any CPU
		{94CFABDD-4EFB-4848-ABD3-18A94C0BF130}.Release|Any CPU.Build.0 = Release|Any CPU
		{59BB575A-0F8C-43F1-A954-D0A3FC4B12C3}.Debug|Any CPU.ActiveCfg = Debug|Any CPU
		{59BB575A-0F8C-43F1-A954-D0A3FC4B12C3}.Debug|Any CPU.Build.0 = Debug|Any CPU
		{59BB575A-0F8C-43F1-A954-D0A3FC4B12C3}.Release|Any CPU.ActiveCfg = Release|Any CPU
		{59BB575A-0F8C-43F1-A954-D0A3FC4B12C3}.Release|Any CPU.Build.0 = Release|Any CPU
		{0BD5131A-64B3-45A9-86C3-3753289ACA9F}.Debug|Any CPU.ActiveCfg = Debug|Any CPU
		{0BD5131A-64B3-45A9-86C3-3753289ACA9F}.Debug|Any CPU.Build.0 = Debug|Any CPU
		{0BD5131A-64B3-45A9-86C3-3753289ACA9F}.Release|Any CPU.ActiveCfg = Release|Any CPU
		{0BD5131A-64B3-45A9-86C3-3753289ACA9F}.Release|Any CPU.Build.0 = Release|Any CPU
		{449FBFC2-6129-4233-BC16-D1DE7F28ECF7}.Debug|Any CPU.ActiveCfg = Debug|Any CPU
		{449FBFC2-6129-4233-BC16-D1DE7F28ECF7}.Debug|Any CPU.Build.0 = Debug|Any CPU
		{449FBFC2-6129-4233-BC16-D1DE7F28ECF7}.Release|Any CPU.ActiveCfg = Release|Any CPU
		{449FBFC2-6129-4233-BC16-D1DE7F28ECF7}.Release|Any CPU.Build.0 = Release|Any CPU
		{6635D24B-20DC-49DD-A4B5-7678EA5B8953}.Debug|Any CPU.ActiveCfg = Debug|Any CPU
		{6635D24B-20DC-49DD-A4B5-7678EA5B8953}.Debug|Any CPU.Build.0 = Debug|Any CPU
		{6635D24B-20DC-49DD-A4B5-7678EA5B8953}.Release|Any CPU.ActiveCfg = Release|Any CPU
		{6635D24B-20DC-49DD-A4B5-7678EA5B8953}.Release|Any CPU.Build.0 = Release|Any CPU
		{69B5656E-D4E2-4023-9FA2-1D6EF3068174}.Debug|Any CPU.ActiveCfg = Debug|Any CPU
		{69B5656E-D4E2-4023-9FA2-1D6EF3068174}.Debug|Any CPU.Build.0 = Debug|Any CPU
		{69B5656E-D4E2-4023-9FA2-1D6EF3068174}.Release|Any CPU.ActiveCfg = Release|Any CPU
		{69B5656E-D4E2-4023-9FA2-1D6EF3068174}.Release|Any CPU.Build.0 = Release|Any CPU
		{42A05AFA-D540-43C4-B0C4-C2467C25AD9C}.Debug|Any CPU.ActiveCfg = Debug|Any CPU
		{42A05AFA-D540-43C4-B0C4-C2467C25AD9C}.Debug|Any CPU.Build.0 = Debug|Any CPU
		{42A05AFA-D540-43C4-B0C4-C2467C25AD9C}.Release|Any CPU.ActiveCfg = Release|Any CPU
		{42A05AFA-D540-43C4-B0C4-C2467C25AD9C}.Release|Any CPU.Build.0 = Release|Any CPU
		{4345BD3F-5CE1-4FBE-B1C8-BE7D9A0AFF07}.Debug|Any CPU.ActiveCfg = Debug|Any CPU
		{4345BD3F-5CE1-4FBE-B1C8-BE7D9A0AFF07}.Debug|Any CPU.Build.0 = Debug|Any CPU
		{4345BD3F-5CE1-4FBE-B1C8-BE7D9A0AFF07}.Release|Any CPU.ActiveCfg = Release|Any CPU
		{4345BD3F-5CE1-4FBE-B1C8-BE7D9A0AFF07}.Release|Any CPU.Build.0 = Release|Any CPU
		{ECC04E8F-555F-4A78-9A3E-A1CBC4AC952A}.Debug|Any CPU.ActiveCfg = Debug|Any CPU
		{ECC04E8F-555F-4A78-9A3E-A1CBC4AC952A}.Debug|Any CPU.Build.0 = Debug|Any CPU
		{ECC04E8F-555F-4A78-9A3E-A1CBC4AC952A}.Release|Any CPU.ActiveCfg = Release|Any CPU
		{ECC04E8F-555F-4A78-9A3E-A1CBC4AC952A}.Release|Any CPU.Build.0 = Release|Any CPU
		{3733702D-05D8-474F-A100-E374F59A45A5}.Debug|Any CPU.ActiveCfg = Debug|Any CPU
		{3733702D-05D8-474F-A100-E374F59A45A5}.Debug|Any CPU.Build.0 = Debug|Any CPU
		{3733702D-05D8-474F-A100-E374F59A45A5}.Release|Any CPU.ActiveCfg = Release|Any CPU
		{3733702D-05D8-474F-A100-E374F59A45A5}.Release|Any CPU.Build.0 = Release|Any CPU
		{50E37520-6CD3-4401-9502-ACDAB5C45EEE}.Debug|Any CPU.ActiveCfg = Debug|Any CPU
		{50E37520-6CD3-4401-9502-ACDAB5C45EEE}.Debug|Any CPU.Build.0 = Debug|Any CPU
		{50E37520-6CD3-4401-9502-ACDAB5C45EEE}.Release|Any CPU.ActiveCfg = Release|Any CPU
		{50E37520-6CD3-4401-9502-ACDAB5C45EEE}.Release|Any CPU.Build.0 = Release|Any CPU
		{E827D323-0867-4615-A4D7-1E238BD18A62}.Debug|Any CPU.ActiveCfg = Debug|Any CPU
		{E827D323-0867-4615-A4D7-1E238BD18A62}.Debug|Any CPU.Build.0 = Debug|Any CPU
		{E827D323-0867-4615-A4D7-1E238BD18A62}.Release|Any CPU.ActiveCfg = Release|Any CPU
		{E827D323-0867-4615-A4D7-1E238BD18A62}.Release|Any CPU.Build.0 = Release|Any CPU
		{BD489E03-7770-4075-902B-B6D63E6BF59B}.Debug|Any CPU.ActiveCfg = Debug|Any CPU
		{BD489E03-7770-4075-902B-B6D63E6BF59B}.Debug|Any CPU.Build.0 = Debug|Any CPU
		{BD489E03-7770-4075-902B-B6D63E6BF59B}.Release|Any CPU.ActiveCfg = Release|Any CPU
		{BD489E03-7770-4075-902B-B6D63E6BF59B}.Release|Any CPU.Build.0 = Release|Any CPU
		{CCAEBC3F-6A75-4A7D-AEDE-149525468A38}.Debug|Any CPU.ActiveCfg = Debug|Any CPU
		{CCAEBC3F-6A75-4A7D-AEDE-149525468A38}.Debug|Any CPU.Build.0 = Debug|Any CPU
		{CCAEBC3F-6A75-4A7D-AEDE-149525468A38}.Release|Any CPU.ActiveCfg = Release|Any CPU
		{CCAEBC3F-6A75-4A7D-AEDE-149525468A38}.Release|Any CPU.Build.0 = Release|Any CPU
		{7D9F3458-B439-4509-9344-4D2F59FA5C5D}.Debug|Any CPU.ActiveCfg = Debug|Any CPU
		{7D9F3458-B439-4509-9344-4D2F59FA5C5D}.Debug|Any CPU.Build.0 = Debug|Any CPU
		{7D9F3458-B439-4509-9344-4D2F59FA5C5D}.Release|Any CPU.ActiveCfg = Release|Any CPU
		{7D9F3458-B439-4509-9344-4D2F59FA5C5D}.Release|Any CPU.Build.0 = Release|Any CPU
		{532856B4-DF9C-4FA7-ABA7-FB3324CC2F8B}.Debug|Any CPU.ActiveCfg = Debug|Any CPU
		{532856B4-DF9C-4FA7-ABA7-FB3324CC2F8B}.Debug|Any CPU.Build.0 = Debug|Any CPU
		{532856B4-DF9C-4FA7-ABA7-FB3324CC2F8B}.Release|Any CPU.ActiveCfg = Release|Any CPU
		{532856B4-DF9C-4FA7-ABA7-FB3324CC2F8B}.Release|Any CPU.Build.0 = Release|Any CPU
		{7C824428-102E-4880-B068-9D99B62A507D}.Debug|Any CPU.ActiveCfg = Debug|Any CPU
		{7C824428-102E-4880-B068-9D99B62A507D}.Debug|Any CPU.Build.0 = Debug|Any CPU
		{7C824428-102E-4880-B068-9D99B62A507D}.Release|Any CPU.ActiveCfg = Release|Any CPU
		{7C824428-102E-4880-B068-9D99B62A507D}.Release|Any CPU.Build.0 = Release|Any CPU
	EndGlobalSection
	GlobalSection(SolutionProperties) = preSolution
		HideSolutionNode = FALSE
	EndGlobalSection
	GlobalSection(NestedProjects) = preSolution
		{C1BD209B-CD77-4A25-BFA8-4364CD3D79FB} = {FE26A100-80D3-4095-B513-AE3D39A2A216}
		{8D5114A6-EFAF-4A7B-8B7F-C259382C8635} = {FE26A100-80D3-4095-B513-AE3D39A2A216}
		{B9578150-D172-4B6B-9334-EA60F6C9094B} = {40D3EA91-8579-41B8-A738-DA93A8220EE7}
		{863E5EFF-38F5-4F9E-8CE9-AD29C95176CB} = {40D3EA91-8579-41B8-A738-DA93A8220EE7}
		{95D3391F-B706-4396-8692-644D16BDDDE5} = {BA64BC8E-AA48-43AA-9FB3-F7EC82CC0966}
		{C8D69566-0583-41D5-8446-45FDCD73DD1D} = {95D3391F-B706-4396-8692-644D16BDDDE5}
		{7250FDA1-C665-425B-88C2-5F86CE19E2C4} = {95D3391F-B706-4396-8692-644D16BDDDE5}
		{55E922D6-88DB-4448-8D4F-F113806F0B94} = {BA64BC8E-AA48-43AA-9FB3-F7EC82CC0966}
		{84A96F73-F6F8-41CD-8CD5-E985207E3E80} = {55E922D6-88DB-4448-8D4F-F113806F0B94}
		{FE4C3293-9B7C-4866-98F8-1CBED7224EF1} = {55E922D6-88DB-4448-8D4F-F113806F0B94}
		{4751982B-1A7A-4A74-BB0F-AF55B3BE1DF7} = {C3655DA8-274F-478F-B89A-0354E56B9E9B}
		{9203B823-220F-4B36-99F6-FA05943AC209} = {40D3EA91-8579-41B8-A738-DA93A8220EE7}
		{9E00B649-4208-4B68-A857-D18595547EA6} = {B9578150-D172-4B6B-9334-EA60F6C9094B}
		{F51773C4-C627-4280-9ABF-D8F2E046247E} = {F9CC3F1A-C548-498E-9464-8F45EA648F2A}
		{4076CC3C-622C-4894-93F8-062E442C1F26} = {B9578150-D172-4B6B-9334-EA60F6C9094B}
		{951612D6-53E0-404C-976F-A71109B788E1} = {BA64BC8E-AA48-43AA-9FB3-F7EC82CC0966}
		{1DD59A3C-725C-4EAC-9662-1BF1AFCD911E} = {951612D6-53E0-404C-976F-A71109B788E1}
		{BD9FE86D-E7F5-445C-89B1-34CCF66B7155} = {951612D6-53E0-404C-976F-A71109B788E1}
		{C2C5A051-7412-47A7-8CD4-35E8F6860334} = {40D3EA91-8579-41B8-A738-DA93A8220EE7}
		{D7103ECD-97A8-45AE-A0C8-AD33C5EF2ACC} = {A1FD17BB-49D0-4EEF-88A4-DFCC9D3FB5A1}
		{B43FFE1D-818F-40F1-B922-F672AA5162AE} = {F9CC3F1A-C548-498E-9464-8F45EA648F2A}
		{0E4F9350-3751-48B6-A044-7FB12DB2ABA1} = {B9578150-D172-4B6B-9334-EA60F6C9094B}
		{A22045F0-5777-44F7-84A5-26051F6B582A} = {FE26A100-80D3-4095-B513-AE3D39A2A216}
		{1A025E5D-6748-4801-8029-9939998BF92A} = {FE26A100-80D3-4095-B513-AE3D39A2A216}
		{A67AA3B8-C459-49B9-A1AF-4287C2E13902} = {3010314C-A4C1-43BB-B80E-4013A130443D}
		{DB617FAF-DF36-44E5-8348-7D9F57E5D72F} = {BA64BC8E-AA48-43AA-9FB3-F7EC82CC0966}
		{96A20CC9-62F6-45A2-B9F0-6875EEBE6B9D} = {DB617FAF-DF36-44E5-8348-7D9F57E5D72F}
		{0E5C17BF-F126-4CB8-B278-F279325CD5D5} = {DB617FAF-DF36-44E5-8348-7D9F57E5D72F}
		{6E047406-F8AF-40AD-804C-7B6EA4103D70} = {40D3EA91-8579-41B8-A738-DA93A8220EE7}
		{94CFABDD-4EFB-4848-ABD3-18A94C0BF130} = {6E047406-F8AF-40AD-804C-7B6EA4103D70}
		{59BB575A-0F8C-43F1-A954-D0A3FC4B12C3} = {6E047406-F8AF-40AD-804C-7B6EA4103D70}
		{A1FD17BB-49D0-4EEF-88A4-DFCC9D3FB5A1} = {B9578150-D172-4B6B-9334-EA60F6C9094B}
		{0BD5131A-64B3-45A9-86C3-3753289ACA9F} = {B9578150-D172-4B6B-9334-EA60F6C9094B}
		{449FBFC2-6129-4233-BC16-D1DE7F28ECF7} = {B9578150-D172-4B6B-9334-EA60F6C9094B}
		{6635D24B-20DC-49DD-A4B5-7678EA5B8953} = {B9578150-D172-4B6B-9334-EA60F6C9094B}
		{69B5656E-D4E2-4023-9FA2-1D6EF3068174} = {B9578150-D172-4B6B-9334-EA60F6C9094B}
		{42A05AFA-D540-43C4-B0C4-C2467C25AD9C} = {A1FD17BB-49D0-4EEF-88A4-DFCC9D3FB5A1}
		{8D214DB9-D1A1-423B-BC69-8B9E41CE554B} = {BA64BC8E-AA48-43AA-9FB3-F7EC82CC0966}
		{4345BD3F-5CE1-4FBE-B1C8-BE7D9A0AFF07} = {8D214DB9-D1A1-423B-BC69-8B9E41CE554B}
		{ECC04E8F-555F-4A78-9A3E-A1CBC4AC952A} = {8D214DB9-D1A1-423B-BC69-8B9E41CE554B}
		{3733702D-05D8-474F-A100-E374F59A45A5} = {B9578150-D172-4B6B-9334-EA60F6C9094B}
		{C57091E1-BA1E-454E-934E-FAB04FCD2DCF} = {BA64BC8E-AA48-43AA-9FB3-F7EC82CC0966}
		{50E37520-6CD3-4401-9502-ACDAB5C45EEE} = {C57091E1-BA1E-454E-934E-FAB04FCD2DCF}
		{E827D323-0867-4615-A4D7-1E238BD18A62} = {C57091E1-BA1E-454E-934E-FAB04FCD2DCF}
		{BD489E03-7770-4075-902B-B6D63E6BF59B} = {B9578150-D172-4B6B-9334-EA60F6C9094B}
		{C7D4F911-5D2D-4E14-9B80-6F9902D45FD6} = {BA64BC8E-AA48-43AA-9FB3-F7EC82CC0966}
		{CCAEBC3F-6A75-4A7D-AEDE-149525468A38} = {C7D4F911-5D2D-4E14-9B80-6F9902D45FD6}
		{7D9F3458-B439-4509-9344-4D2F59FA5C5D} = {C7D4F911-5D2D-4E14-9B80-6F9902D45FD6}
		{532856B4-DF9C-4FA7-ABA7-FB3324CC2F8B} = {C3655DA8-274F-478F-B89A-0354E56B9E9B}
		{9CEE3E3D-30B4-46A6-ACBC-9C2143047A29} = {F9CC3F1A-C548-498E-9464-8F45EA648F2A}
		{7C824428-102E-4880-B068-9D99B62A507D} = {9CEE3E3D-30B4-46A6-ACBC-9C2143047A29}
	EndGlobalSection
	GlobalSection(ExtensibilityGlobals) = postSolution
		SolutionGuid = {A3B36496-6632-40EE-B3B3-CACA47D5B3EF}
	EndGlobalSection
EndGlobal
